<?xml version="1.0" encoding="utf-8"?>
<Project ToolsVersion="4.0" xmlns="http://schemas.microsoft.com/developer/msbuild/2003">
  <ItemGroup>
    <ClInclude Include="Common.hpp" />
    <ClInclude Include="UI\AbstractSubmenu.hpp">
      <Filter>UI\Framework</Filter>
    </ClInclude>
    <ClInclude Include="UI\AbstractOption.hpp">
      <Filter>UI\Framework</Filter>
    </ClInclude>
    <ClInclude Include="UI\BaseOption.hpp">
      <Filter>UI\Framework</Filter>
    </ClInclude>
    <ClInclude Include="UI\BaseSubmenu.hpp">
      <Filter>UI\Framework</Filter>
    </ClInclude>
    <ClInclude Include="UI\BoolOption.hpp">
      <Filter>UI\Framework</Filter>
    </ClInclude>
    <ClInclude Include="UI\ChooseOption.hpp">
      <Filter>UI\Framework</Filter>
    </ClInclude>
    <ClInclude Include="ImGui\imgui.h">
      <Filter>UI\ImGui</Filter>
    </ClInclude>
    <ClInclude Include="ImGui\imgui_impl_dx11.h">
      <Filter>UI\ImGui</Filter>
    </ClInclude>
    <ClInclude Include="ImGui\imgui_impl_win32.h">
      <Filter>UI\ImGui</Filter>
    </ClInclude>
    <ClInclude Include="ImGui\imgui_internal.h">
      <Filter>UI\ImGui</Filter>
    </ClInclude>
    <ClInclude Include="ImGui\imstb_rectpack.h">
      <Filter>UI\ImGui</Filter>
    </ClInclude>
    <ClInclude Include="ImGui\imstb_textedit.h">
      <Filter>UI\ImGui</Filter>
    </ClInclude>
    <ClInclude Include="ImGui\imstb_truetype.h">
      <Filter>UI\ImGui</Filter>
    </ClInclude>
    <ClInclude Include="CustomText.hpp">
      <Filter>Script</Filter>
    </ClInclude>
    <ClInclude Include="D3DRenderer.hpp">
      <Filter>UI</Filter>
    </ClInclude>
    <ClInclude Include="Game.hpp">
      <Filter>Game</Filter>
    </ClInclude>
    <ClInclude Include="Crossmap.hpp">
      <Filter>Game\Invoker</Filter>
    </ClInclude>
    <ClInclude Include="Hooking.hpp">
      <Filter>Game\Hooking</Filter>
    </ClInclude>
    <ClInclude Include="ImGui\imconfig.h">
      <Filter>UI\ImGui</Filter>
    </ClInclude>
    <ClInclude Include="Logger.hpp">
      <Filter>Script</Filter>
    </ClInclude>
    <ClInclude Include="LogScript.hpp">
      <Filter>Script</Filter>
    </ClInclude>
    <ClInclude Include="UI\NumberOption.hpp">
      <Filter>UI\Framework</Filter>
    </ClInclude>
    <ClInclude Include="Lists.hpp">
      <Filter>Script</Filter>
    </ClInclude>
    <ClInclude Include="Invoker.hpp">
      <Filter>Game\Invoker</Filter>
    </ClInclude>
    <ClInclude Include="MainScript.hpp">
      <Filter>Cheat</Filter>
    </ClInclude>
    <ClInclude Include="Natives.hpp">
      <Filter>Game\Invoker</Filter>
    </ClInclude>
    <ClInclude Include="UI\PlayerSubmenu.hpp">
      <Filter>UI\Framework</Filter>
    </ClInclude>
    <ClInclude Include="UI\RegularOption.hpp">
      <Filter>UI\Framework</Filter>
    </ClInclude>
    <ClInclude Include="UI\RegularSubmenu.hpp">
      <Filter>UI\Framework</Filter>
    </ClInclude>
    <ClInclude Include="ScriptCallback.hpp">
      <Filter>Script</Filter>
    </ClInclude>
    <ClInclude Include="ScriptGlobal.hpp">
      <Filter>Script</Filter>
    </ClInclude>
    <ClInclude Include="ScriptManager.hpp">
      <Filter>Script</Filter>
    </ClInclude>
    <ClInclude Include="UI\SubOption.hpp">
      <Filter>UI\Framework</Filter>
    </ClInclude>
    <ClInclude Include="Translation.hpp">
      <Filter>Script</Filter>
    </ClInclude>
    <ClInclude Include="UI\UIManager.hpp">
      <Filter>UI</Filter>
    </ClInclude>
    <ClInclude Include="Types.hpp">
      <Filter>Game</Filter>
    </ClInclude>
    <ClInclude Include="VMTHook.hpp">
      <Filter>Game\Hooking</Filter>
    </ClInclude>
    <ClInclude Include="Script.hpp">
      <Filter>Script</Filter>
    </ClInclude>
    <ClInclude Include="Memory.hpp">
      <Filter>Cheat\Util</Filter>
    </ClInclude>
    <ClInclude Include="Settings.hpp">
      <Filter>Cheat\Util</Filter>
    </ClInclude>
    <ClInclude Include="Timer.hpp">
      <Filter>Cheat\Util</Filter>
    </ClInclude>
    <ClInclude Include="UI\TextBox.hpp">
      <Filter>Cheat\Util</Filter>
    </ClInclude>
    <ClInclude Include="Util.hpp">
      <Filter>Cheat\Util</Filter>
    </ClInclude>
  </ItemGroup>
  <ItemGroup>
    <ClCompile Include="Main.cpp" />
    <ClCompile Include="Common.cpp" />
    <ClCompile Include="ImGui\imgui.cpp">
      <Filter>UI\ImGui</Filter>
    </ClCompile>
    <ClCompile Include="ImGui\imgui_demo.cpp">
      <Filter>UI\ImGui</Filter>
    </ClCompile>
    <ClCompile Include="ImGui\imgui_draw.cpp">
      <Filter>UI\ImGui</Filter>
    </ClCompile>
    <ClCompile Include="ImGui\imgui_impl_dx11.cpp">
      <Filter>UI\ImGui</Filter>
    </ClCompile>
    <ClCompile Include="ImGui\imgui_impl_win32.cpp">
      <Filter>UI\ImGui</Filter>
    </ClCompile>
    <ClCompile Include="ImGui\imgui_widgets.cpp">
      <Filter>UI\ImGui</Filter>
    </ClCompile>
    <ClCompile Include="CustomText.cpp">
      <Filter>Script</Filter>
    </ClCompile>
    <ClCompile Include="D3DRenderer.cpp">
      <Filter>UI</Filter>
    </ClCompile>
    <ClCompile Include="Game.cpp">
      <Filter>Game</Filter>
    </ClCompile>
    <ClCompile Include="Hooking.cpp">
      <Filter>Game\Hooking</Filter>
    </ClCompile>
    <ClCompile Include="Logger.cpp">
      <Filter>Script</Filter>
    </ClCompile>
    <ClCompile Include="LogScript.cpp">
      <Filter>Script</Filter>
    </ClCompile>
    <ClCompile Include="MainScript.cpp">
      <Filter>Cheat</Filter>
    </ClCompile>
    <ClCompile Include="ScriptCallback.cpp">
      <Filter>Script</Filter>
    </ClCompile>
    <ClCompile Include="ScriptManager.cpp">
      <Filter>Script</Filter>
    </ClCompile>
    <ClCompile Include="UI\UIManager.cpp">
      <Filter>UI</Filter>
    </ClCompile>
  </ItemGroup>
  <ItemGroup>
    <Filter Include="UI">
      <UniqueIdentifier>{ecc0c417-7337-4bc2-9065-d782bd27e533}</UniqueIdentifier>
    </Filter>
    <Filter Include="UI\Framework">
      <UniqueIdentifier>{0a1cf4b8-ad1a-4f94-89e3-3c46789241de}</UniqueIdentifier>
    </Filter>
    <Filter Include="UI\ImGui">
      <UniqueIdentifier>{af0d5294-30cd-4cb9-96a9-3b5c87887439}</UniqueIdentifier>
    </Filter>
    <Filter Include="Script">
      <UniqueIdentifier>{016fb62e-1ef2-4b25-8428-748d6981827c}</UniqueIdentifier>
    </Filter>
    <Filter Include="Game">
      <UniqueIdentifier>{ef5802a6-89f7-4c16-b8a6-67659d1355d4}</UniqueIdentifier>
    </Filter>
    <Filter Include="Game\Invoker">
      <UniqueIdentifier>{7ce6d1b6-4cdc-4c25-9e57-35278718c497}</UniqueIdentifier>
    </Filter>
    <Filter Include="Game\Hooking">
      <UniqueIdentifier>{67bb60ba-742f-4e2f-b3f4-9200f3624589}</UniqueIdentifier>
    </Filter>
    <Filter Include="Cheat">
      <UniqueIdentifier>{1f3667ec-7c6d-4c78-a179-8e8302789343}</UniqueIdentifier>
    </Filter>
    <Filter Include="Cheat\Util">
      <UniqueIdentifier>{c8ee8842-4b18-4d0d-9b5b-42bfbe8f8958}</UniqueIdentifier>
    </Filter>
  </ItemGroup>
</Project>